// !$*UTF8*$!
{
	archiveVersion = 1;
	classes = {
	};
	objectVersion = 50;
	objects = {

/* Begin PBXBuildFile section */
		300AC1D52191E3F6001577B5 /* AnswersSimple.json in Resources */ = {isa = PBXBuildFile; fileRef = 300AC1D42191E3F6001577B5 /* AnswersSimple.json */; };
		300B784F218D176A0037205C /* AppDelegate.swift in Sources */ = {isa = PBXBuildFile; fileRef = 300B784E218D176A0037205C /* AppDelegate.swift */; };
		300B7851218D176A0037205C /* art.scnassets in Resources */ = {isa = PBXBuildFile; fileRef = 300B7850218D176A0037205C /* art.scnassets */; };
		300B7853218D176A0037205C /* GameViewController.swift in Sources */ = {isa = PBXBuildFile; fileRef = 300B7852218D176A0037205C /* GameViewController.swift */; };
		300B7856218D176A0037205C /* Main.storyboard in Resources */ = {isa = PBXBuildFile; fileRef = 300B7854218D176A0037205C /* Main.storyboard */; };
		300B7858218D176A0037205C /* Assets.xcassets in Resources */ = {isa = PBXBuildFile; fileRef = 300B7857218D176A0037205C /* Assets.xcassets */; };
		300B785B218D176A0037205C /* LaunchScreen.storyboard in Resources */ = {isa = PBXBuildFile; fileRef = 300B7859218D176A0037205C /* LaunchScreen.storyboard */; };
		300B7866218D176B0037205C /* Sudoku3DTests.swift in Sources */ = {isa = PBXBuildFile; fileRef = 300B7865218D176B0037205C /* Sudoku3DTests.swift */; };
		300B7871218D176B0037205C /* Sudoku3DUITests.swift in Sources */ = {isa = PBXBuildFile; fileRef = 300B7870218D176B0037205C /* Sudoku3DUITests.swift */; };
		300B7883218EAB390037205C /* Constants.swift in Sources */ = {isa = PBXBuildFile; fileRef = 300B7882218EAB390037205C /* Constants.swift */; };
		306F0F4F21950B29000916FF /* LevelProgress.xcdatamodeld in Sources */ = {isa = PBXBuildFile; fileRef = 306F0F4D21950B29000916FF /* LevelProgress.xcdatamodeld */; };
		306F0F72219538C4000916FF /* Level.swift in Sources */ = {isa = PBXBuildFile; fileRef = 306F0F71219538C4000916FF /* Level.swift */; };
		30FE360C21918A9A00114A94 /* AnswerHandler.swift in Sources */ = {isa = PBXBuildFile; fileRef = 30FE360B21918A9A00114A94 /* AnswerHandler.swift */; };
/* End PBXBuildFile section */

/* Begin PBXContainerItemProxy section */
		300B7862218D176B0037205C /* PBXContainerItemProxy */ = {
			isa = PBXContainerItemProxy;
			containerPortal = 300B7843218D176A0037205C /* Project object */;
			proxyType = 1;
			remoteGlobalIDString = 300B784A218D176A0037205C;
			remoteInfo = Sudoku3D;
		};
		300B786D218D176B0037205C /* PBXContainerItemProxy */ = {
			isa = PBXContainerItemProxy;
			containerPortal = 300B7843218D176A0037205C /* Project object */;
			proxyType = 1;
			remoteGlobalIDString = 300B784A218D176A0037205C;
			remoteInfo = Sudoku3D;
		};
/* End PBXContainerItemProxy section */

/* Begin PBXFileReference section */
		300AC1D42191E3F6001577B5 /* AnswersSimple.json */ = {isa = PBXFileReference; fileEncoding = 4; lastKnownFileType = text.json; path = AnswersSimple.json; sourceTree = "<group>"; };
		300B784B218D176A0037205C /* Sudoku3D.app */ = {isa = PBXFileReference; explicitFileType = wrapper.application; includeInIndex = 0; path = Sudoku3D.app; sourceTree = BUILT_PRODUCTS_DIR; };
		300B784E218D176A0037205C /* AppDelegate.swift */ = {isa = PBXFileReference; lastKnownFileType = sourcecode.swift; path = AppDelegate.swift; sourceTree = "<group>"; };
		300B7850218D176A0037205C /* art.scnassets */ = {isa = PBXFileReference; lastKnownFileType = wrapper.scnassets; path = art.scnassets; sourceTree = "<group>"; };
		300B7852218D176A0037205C /* GameViewController.swift */ = {isa = PBXFileReference; lastKnownFileType = sourcecode.swift; path = GameViewController.swift; sourceTree = "<group>"; };
		300B7855218D176A0037205C /* Base */ = {isa = PBXFileReference; lastKnownFileType = file.storyboard; name = Base; path = Base.lproj/Main.storyboard; sourceTree = "<group>"; };
		300B7857218D176A0037205C /* Assets.xcassets */ = {isa = PBXFileReference; lastKnownFileType = folder.assetcatalog; path = Assets.xcassets; sourceTree = "<group>"; };
		300B785A218D176A0037205C /* Base */ = {isa = PBXFileReference; lastKnownFileType = file.storyboard; name = Base; path = Base.lproj/LaunchScreen.storyboard; sourceTree = "<group>"; };
		300B785C218D176A0037205C /* Info.plist */ = {isa = PBXFileReference; lastKnownFileType = text.plist.xml; path = Info.plist; sourceTree = "<group>"; };
		300B7861218D176B0037205C /* Sudoku3DTests.xctest */ = {isa = PBXFileReference; explicitFileType = wrapper.cfbundle; includeInIndex = 0; path = Sudoku3DTests.xctest; sourceTree = BUILT_PRODUCTS_DIR; };
		300B7865218D176B0037205C /* Sudoku3DTests.swift */ = {isa = PBXFileReference; lastKnownFileType = sourcecode.swift; path = Sudoku3DTests.swift; sourceTree = "<group>"; };
		300B7867218D176B0037205C /* Info.plist */ = {isa = PBXFileReference; lastKnownFileType = text.plist.xml; path = Info.plist; sourceTree = "<group>"; };
		300B786C218D176B0037205C /* Sudoku3DUITests.xctest */ = {isa = PBXFileReference; explicitFileType = wrapper.cfbundle; includeInIndex = 0; path = Sudoku3DUITests.xctest; sourceTree = BUILT_PRODUCTS_DIR; };
		300B7870218D176B0037205C /* Sudoku3DUITests.swift */ = {isa = PBXFileReference; lastKnownFileType = sourcecode.swift; path = Sudoku3DUITests.swift; sourceTree = "<group>"; };
		300B7872218D176B0037205C /* Info.plist */ = {isa = PBXFileReference; lastKnownFileType = text.plist.xml; path = Info.plist; sourceTree = "<group>"; };
		300B7882218EAB390037205C /* Constants.swift */ = {isa = PBXFileReference; lastKnownFileType = sourcecode.swift; path = Constants.swift; sourceTree = "<group>"; };
		306F0F4E21950B29000916FF /* LevelProgress.xcdatamodel */ = {isa = PBXFileReference; lastKnownFileType = wrapper.xcdatamodel; path = LevelProgress.xcdatamodel; sourceTree = "<group>"; };
		306F0F71219538C4000916FF /* Level.swift */ = {isa = PBXFileReference; lastKnownFileType = sourcecode.swift; path = Level.swift; sourceTree = "<group>"; };
		30FE360B21918A9A00114A94 /* AnswerHandler.swift */ = {isa = PBXFileReference; lastKnownFileType = sourcecode.swift; path = AnswerHandler.swift; sourceTree = "<group>"; };
/* End PBXFileReference section */

/* Begin PBXFrameworksBuildPhase section */
		300B7848218D176A0037205C /* Frameworks */ = {
			isa = PBXFrameworksBuildPhase;
			buildActionMask = 2147483647;
			files = (
			);
			runOnlyForDeploymentPostprocessing = 0;
		};
		300B785E218D176B0037205C /* Frameworks */ = {
			isa = PBXFrameworksBuildPhase;
			buildActionMask = 2147483647;
			files = (
			);
			runOnlyForDeploymentPostprocessing = 0;
		};
		300B7869218D176B0037205C /* Frameworks */ = {
			isa = PBXFrameworksBuildPhase;
			buildActionMask = 2147483647;
			files = (
			);
			runOnlyForDeploymentPostprocessing = 0;
		};
/* End PBXFrameworksBuildPhase section */

/* Begin PBXGroup section */
		300B7842218D176A0037205C = {
			isa = PBXGroup;
			children = (
				300B784D218D176A0037205C /* Sudoku3D */,
				300B7864218D176B0037205C /* Sudoku3DTests */,
				300B786F218D176B0037205C /* Sudoku3DUITests */,
				300B784C218D176A0037205C /* Products */,
			);
			sourceTree = "<group>";
		};
		300B784C218D176A0037205C /* Products */ = {
			isa = PBXGroup;
			children = (
				300B784B218D176A0037205C /* Sudoku3D.app */,
				300B7861218D176B0037205C /* Sudoku3DTests.xctest */,
				300B786C218D176B0037205C /* Sudoku3DUITests.xctest */,
			);
			name = Products;
			sourceTree = "<group>";
		};
		300B784D218D176A0037205C /* Sudoku3D */ = {
			isa = PBXGroup;
			children = (
				300AC1D42191E3F6001577B5 /* AnswersSimple.json */,
				300B784E218D176A0037205C /* AppDelegate.swift */,
				300B7850218D176A0037205C /* art.scnassets */,
				300B7852218D176A0037205C /* GameViewController.swift */,
				300B7854218D176A0037205C /* Main.storyboard */,
				300B7857218D176A0037205C /* Assets.xcassets */,
				300B7859218D176A0037205C /* LaunchScreen.storyboard */,
				300B785C218D176A0037205C /* Info.plist */,
				300B7882218EAB390037205C /* Constants.swift */,
				30FE360B21918A9A00114A94 /* AnswerHandler.swift */,
				306F0F4D21950B29000916FF /* LevelProgress.xcdatamodeld */,
				306F0F71219538C4000916FF /* Level.swift */,
			);
			path = Sudoku3D;
			sourceTree = "<group>";
		};
		300B7864218D176B0037205C /* Sudoku3DTests */ = {
			isa = PBXGroup;
			children = (
				300B7865218D176B0037205C /* Sudoku3DTests.swift */,
				300B7867218D176B0037205C /* Info.plist */,
			);
			path = Sudoku3DTests;
			sourceTree = "<group>";
		};
		300B786F218D176B0037205C /* Sudoku3DUITests */ = {
			isa = PBXGroup;
			children = (
				300B7870218D176B0037205C /* Sudoku3DUITests.swift */,
				300B7872218D176B0037205C /* Info.plist */,
			);
			path = Sudoku3DUITests;
			sourceTree = "<group>";
		};
/* End PBXGroup section */

/* Begin PBXNativeTarget section */
		300B784A218D176A0037205C /* Sudoku3D */ = {
			isa = PBXNativeTarget;
			buildConfigurationList = 300B7875218D176B0037205C /* Build configuration list for PBXNativeTarget "Sudoku3D" */;
			buildPhases = (
				300B7847218D176A0037205C /* Sources */,
				300B7848218D176A0037205C /* Frameworks */,
				300B7849218D176A0037205C /* Resources */,
			);
			buildRules = (
			);
			dependencies = (
			);
			name = Sudoku3D;
			productName = Sudoku3D;
			productReference = 300B784B218D176A0037205C /* Sudoku3D.app */;
			productType = "com.apple.product-type.application";
		};
		300B7860218D176B0037205C /* Sudoku3DTests */ = {
			isa = PBXNativeTarget;
			buildConfigurationList = 300B7878218D176B0037205C /* Build configuration list for PBXNativeTarget "Sudoku3DTests" */;
			buildPhases = (
				300B785D218D176B0037205C /* Sources */,
				300B785E218D176B0037205C /* Frameworks */,
				300B785F218D176B0037205C /* Resources */,
			);
			buildRules = (
			);
			dependencies = (
				300B7863218D176B0037205C /* PBXTargetDependency */,
			);
			name = Sudoku3DTests;
			productName = Sudoku3DTests;
			productReference = 300B7861218D176B0037205C /* Sudoku3DTests.xctest */;
			productType = "com.apple.product-type.bundle.unit-test";
		};
		300B786B218D176B0037205C /* Sudoku3DUITests */ = {
			isa = PBXNativeTarget;
			buildConfigurationList = 300B787B218D176B0037205C /* Build configuration list for PBXNativeTarget "Sudoku3DUITests" */;
			buildPhases = (
				300B7868218D176B0037205C /* Sources */,
				300B7869218D176B0037205C /* Frameworks */,
				300B786A218D176B0037205C /* Resources */,
			);
			buildRules = (
			);
			dependencies = (
				300B786E218D176B0037205C /* PBXTargetDependency */,
			);
			name = Sudoku3DUITests;
			productName = Sudoku3DUITests;
			productReference = 300B786C218D176B0037205C /* Sudoku3DUITests.xctest */;
			productType = "com.apple.product-type.bundle.ui-testing";
		};
/* End PBXNativeTarget section */

/* Begin PBXProject section */
		300B7843218D176A0037205C /* Project object */ = {
			isa = PBXProject;
			attributes = {
				LastSwiftUpdateCheck = 1010;
				LastUpgradeCheck = 1010;
				ORGANIZATIONNAME = Reid;
				TargetAttributes = {
					300B784A218D176A0037205C = {
						CreatedOnToolsVersion = 10.1;
					};
					300B7860218D176B0037205C = {
						CreatedOnToolsVersion = 10.1;
						TestTargetID = 300B784A218D176A0037205C;
					};
					300B786B218D176B0037205C = {
						CreatedOnToolsVersion = 10.1;
						TestTargetID = 300B784A218D176A0037205C;
					};
				};
			};
			buildConfigurationList = 300B7846218D176A0037205C /* Build configuration list for PBXProject "Sudoku3D" */;
			compatibilityVersion = "Xcode 9.3";
			developmentRegion = en;
			hasScannedForEncodings = 0;
			knownRegions = (
				en,
				Base,
			);
			mainGroup = 300B7842218D176A0037205C;
			productRefGroup = 300B784C218D176A0037205C /* Products */;
			projectDirPath = "";
			projectRoot = "";
			targets = (
				300B784A218D176A0037205C /* Sudoku3D */,
				300B7860218D176B0037205C /* Sudoku3DTests */,
				300B786B218D176B0037205C /* Sudoku3DUITests */,
			);
		};
/* End PBXProject section */

/* Begin PBXResourcesBuildPhase section */
		300B7849218D176A0037205C /* Resources */ = {
			isa = PBXResourcesBuildPhase;
			buildActionMask = 2147483647;
			files = (
				300B7851218D176A0037205C /* art.scnassets in Resources */,
				300AC1D52191E3F6001577B5 /* AnswersSimple.json in Resources */,
				300B785B218D176A0037205C /* LaunchScreen.storyboard in Resources */,
				300B7858218D176A0037205C /* Assets.xcassets in Resources */,
				300B7856218D176A0037205C /* Main.storyboard in Resources */,
			);
			runOnlyForDeploymentPostprocessing = 0;
		};
		300B785F218D176B0037205C /* Resources */ = {
			isa = PBXResourcesBuildPhase;
			buildActionMask = 2147483647;
			files = (
			);
			runOnlyForDeploymentPostprocessing = 0;
		};
		300B786A218D176B0037205C /* Resources */ = {
			isa = PBXResourcesBuildPhase;
			buildActionMask = 2147483647;
			files = (
			);
			runOnlyForDeploymentPostprocessing = 0;
		};
/* End PBXResourcesBuildPhase section */

/* Begin PBXSourcesBuildPhase section */
		300B7847218D176A0037205C /* Sources */ = {
			isa = PBXSourcesBuildPhase;
			buildActionMask = 2147483647;
			files = (
				306F0F72219538C4000916FF /* Level.swift in Sources */,
				30FE360C21918A9A00114A94 /* AnswerHandler.swift in Sources */,
				300B7853218D176A0037205C /* GameViewController.swift in Sources */,
				300B784F218D176A0037205C /* AppDelegate.swift in Sources */,
				306F0F4F21950B29000916FF /* LevelProgress.xcdatamodeld in Sources */,
				300B7883218EAB390037205C /* Constants.swift in Sources */,
			);
			runOnlyForDeploymentPostprocessing = 0;
		};
		300B785D218D176B0037205C /* Sources */ = {
			isa = PBXSourcesBuildPhase;
			buildActionMask = 2147483647;
			files = (
				300B7866218D176B0037205C /* Sudoku3DTests.swift in Sources */,
			);
			runOnlyForDeploymentPostprocessing = 0;
		};
		300B7868218D176B0037205C /* Sources */ = {
			isa = PBXSourcesBuildPhase;
			buildActionMask = 2147483647;
			files = (
				300B7871218D176B0037205C /* Sudoku3DUITests.swift in Sources */,
			);
			runOnlyForDeploymentPostprocessing = 0;
		};
/* End PBXSourcesBuildPhase section */

/* Begin PBXTargetDependency section */
		300B7863218D176B0037205C /* PBXTargetDependency */ = {
			isa = PBXTargetDependency;
			target = 300B784A218D176A0037205C /* Sudoku3D */;
			targetProxy = 300B7862218D176B0037205C /* PBXContainerItemProxy */;
		};
		300B786E218D176B0037205C /* PBXTargetDependency */ = {
			isa = PBXTargetDependency;
			target = 300B784A218D176A0037205C /* Sudoku3D */;
			targetProxy = 300B786D218D176B0037205C /* PBXContainerItemProxy */;
		};
/* End PBXTargetDependency section */

/* Begin PBXVariantGroup section */
		300B7854218D176A0037205C /* Main.storyboard */ = {
			isa = PBXVariantGroup;
			children = (
				300B7855218D176A0037205C /* Base */,
			);
			name = Main.storyboard;
			sourceTree = "<group>";
		};
		300B7859218D176A0037205C /* LaunchScreen.storyboard */ = {
			isa = PBXVariantGroup;
			children = (
				300B785A218D176A0037205C /* Base */,
			);
			name = LaunchScreen.storyboard;
			sourceTree = "<group>";
		};
/* End PBXVariantGroup section */

/* Begin XCBuildConfiguration section */
		300B7873218D176B0037205C /* Debug */ = {
			isa = XCBuildConfiguration;
			buildSettings = {
				ALWAYS_SEARCH_USER_PATHS = NO;
				CLANG_ANALYZER_NONNULL = YES;
				CLANG_ANALYZER_NUMBER_OBJECT_CONVERSION = YES_AGGRESSIVE;
				CLANG_CXX_LANGUAGE_STANDARD = "gnu++14";
				CLANG_CXX_LIBRARY = "libc++";
				CLANG_ENABLE_MODULES = YES;
				CLANG_ENABLE_OBJC_ARC = YES;
				CLANG_ENABLE_OBJC_WEAK = YES;
				CLANG_WARN_BLOCK_CAPTURE_AUTORELEASING = YES;
				CLANG_WARN_BOOL_CONVERSION = YES;
				CLANG_WARN_COMMA = YES;
				CLANG_WARN_CONSTANT_CONVERSION = YES;
				CLANG_WARN_DEPRECATED_OBJC_IMPLEMENTATIONS = YES;
				CLANG_WARN_DIRECT_OBJC_ISA_USAGE = YES_ERROR;
				CLANG_WARN_DOCUMENTATION_COMMENTS = YES;
				CLANG_WARN_EMPTY_BODY = YES;
				CLANG_WARN_ENUM_CONVERSION = YES;
				CLANG_WARN_INFINITE_RECURSION = YES;
				CLANG_WARN_INT_CONVERSION = YES;
				CLANG_WARN_NON_LITERAL_NULL_CONVERSION = YES;
				CLANG_WARN_OBJC_IMPLICIT_RETAIN_SELF = YES;
				CLANG_WARN_OBJC_LITERAL_CONVERSION = YES;
				CLANG_WARN_OBJC_ROOT_CLASS = YES_ERROR;
				CLANG_WARN_RANGE_LOOP_ANALYSIS = YES;
				CLANG_WARN_STRICT_PROTOTYPES = YES;
				CLANG_WARN_SUSPICIOUS_MOVE = YES;
				CLANG_WARN_UNGUARDED_AVAILABILITY = YES_AGGRESSIVE;
				CLANG_WARN_UNREACHABLE_CODE = YES;
				CLANG_WARN__DUPLICATE_METHOD_MATCH = YES;
				CODE_SIGN_IDENTITY = "iPhone Developer";
				COPY_PHASE_STRIP = NO;
				DEBUG_INFORMATION_FORMAT = dwarf;
				ENABLE_STRICT_OBJC_MSGSEND = YES;
				ENABLE_TESTABILITY = YES;
				GCC_C_LANGUAGE_STANDARD = gnu11;
				GCC_DYNAMIC_NO_PIC = NO;
				GCC_NO_COMMON_BLOCKS = YES;
				GCC_OPTIMIZATION_LEVEL = 0;
				GCC_PREPROCESSOR_DEFINITIONS = (
					"DEBUG=1",
					"$(inherited)",
				);
				GCC_WARN_64_TO_32_BIT_CONVERSION = YES;
				GCC_WARN_ABOUT_RETURN_TYPE = YES_ERROR;
				GCC_WARN_UNDECLARED_SELECTOR = YES;
				GCC_WARN_UNINITIALIZED_AUTOS = YES_AGGRESSIVE;
				GCC_WARN_UNUSED_FUNCTION = YES;
				GCC_WARN_UNUSED_VARIABLE = YES;
				IPHONEOS_DEPLOYMENT_TARGET = 12.1;
				MTL_ENABLE_DEBUG_INFO = INCLUDE_SOURCE;
				MTL_FAST_MATH = YES;
				ONLY_ACTIVE_ARCH = YES;
				SDKROOT = iphoneos;
				SWIFT_ACTIVE_COMPILATION_CONDITIONS = DEBUG;
				SWIFT_OPTIMIZATION_LEVEL = "-Onone";
			};
			name = Debug;
		};
		300B7874218D176B0037205C /* Release */ = {
			isa = XCBuildConfiguration;
			buildSettings = {
				ALWAYS_SEARCH_USER_PATHS = NO;
				CLANG_ANALYZER_NONNULL = YES;
				CLANG_ANALYZER_NUMBER_OBJECT_CONVERSION = YES_AGGRESSIVE;
				CLANG_CXX_LANGUAGE_STANDARD = "gnu++14";
				CLANG_CXX_LIBRARY = "libc++";
				CLANG_ENABLE_MODULES = YES;
				CLANG_ENABLE_OBJC_ARC = YES;
				CLANG_ENABLE_OBJC_WEAK = YES;
				CLANG_WARN_BLOCK_CAPTURE_AUTORELEASING = YES;
				CLANG_WARN_BOOL_CONVERSION = YES;
				CLANG_WARN_COMMA = YES;
				CLANG_WARN_CONSTANT_CONVERSION = YES;
				CLANG_WARN_DEPRECATED_OBJC_IMPLEMENTATIONS = YES;
				CLANG_WARN_DIRECT_OBJC_ISA_USAGE = YES_ERROR;
				CLANG_WARN_DOCUMENTATION_COMMENTS = YES;
				CLANG_WARN_EMPTY_BODY = YES;
				CLANG_WARN_ENUM_CONVERSION = YES;
				CLANG_WARN_INFINITE_RECURSION = YES;
				CLANG_WARN_INT_CONVERSION = YES;
				CLANG_WARN_NON_LITERAL_NULL_CONVERSION = YES;
				CLANG_WARN_OBJC_IMPLICIT_RETAIN_SELF = YES;
				CLANG_WARN_OBJC_LITERAL_CONVERSION = YES;
				CLANG_WARN_OBJC_ROOT_CLASS = YES_ERROR;
				CLANG_WARN_RANGE_LOOP_ANALYSIS = YES;
				CLANG_WARN_STRICT_PROTOTYPES = YES;
				CLANG_WARN_SUSPICIOUS_MOVE = YES;
				CLANG_WARN_UNGUARDED_AVAILABILITY = YES_AGGRESSIVE;
				CLANG_WARN_UNREACHABLE_CODE = YES;
				CLANG_WARN__DUPLICATE_METHOD_MATCH = YES;
				CODE_SIGN_IDENTITY = "iPhone Developer";
				COPY_PHASE_STRIP = NO;
				DEBUG_INFORMATION_FORMAT = "dwarf-with-dsym";
				ENABLE_NS_ASSERTIONS = NO;
				ENABLE_STRICT_OBJC_MSGSEND = YES;
				GCC_C_LANGUAGE_STANDARD = gnu11;
				GCC_NO_COMMON_BLOCKS = YES;
				GCC_WARN_64_TO_32_BIT_CONVERSION = YES;
				GCC_WARN_ABOUT_RETURN_TYPE = YES_ERROR;
				GCC_WARN_UNDECLARED_SELECTOR = YES;
				GCC_WARN_UNINITIALIZED_AUTOS = YES_AGGRESSIVE;
				GCC_WARN_UNUSED_FUNCTION = YES;
				GCC_WARN_UNUSED_VARIABLE = YES;
				IPHONEOS_DEPLOYMENT_TARGET = 12.1;
				MTL_ENABLE_DEBUG_INFO = NO;
				MTL_FAST_MATH = YES;
				SDKROOT = iphoneos;
				SWIFT_COMPILATION_MODE = wholemodule;
				SWIFT_OPTIMIZATION_LEVEL = "-O";
				VALIDATE_PRODUCT = YES;
			};
			name = Release;
		};
		300B7876218D176B0037205C /* Debug */ = {
			isa = XCBuildConfiguration;
			buildSettings = {
				ASSETCATALOG_COMPILER_APPICON_NAME = AppIcon;
				CODE_SIGN_IDENTITY = "iPhone Developer";
				CODE_SIGN_STYLE = Automatic;
				DEVELOPMENT_TEAM = L8PGQCYKKG;
				INFOPLIST_FILE = Sudoku3D/Info.plist;
				IPHONEOS_DEPLOYMENT_TARGET = 11.0;
				LD_RUNPATH_SEARCH_PATHS = (
					"$(inherited)",
					"@executable_path/Frameworks",
				);
				PRODUCT_BUNDLE_IDENTIFIER = com.reidGustavson.Sudoku3D;
				PRODUCT_NAME = "$(TARGET_NAME)";
				PROVISIONING_PROFILE_SPECIFIER = "";
				SWIFT_VERSION = 4.2;
				TARGETED_DEVICE_FAMILY = "1,2";
			};
			name = Debug;
		};
		300B7877218D176B0037205C /* Release */ = {
			isa = XCBuildConfiguration;
			buildSettings = {
				ASSETCATALOG_COMPILER_APPICON_NAME = AppIcon;
				CODE_SIGN_IDENTITY = "iPhone Developer";
				CODE_SIGN_STYLE = Automatic;
				DEVELOPMENT_TEAM = L8PGQCYKKG;
				INFOPLIST_FILE = Sudoku3D/Info.plist;
				IPHONEOS_DEPLOYMENT_TARGET = 11.0;
				LD_RUNPATH_SEARCH_PATHS = (
					"$(inherited)",
					"@executable_path/Frameworks",
				);
				PRODUCT_BUNDLE_IDENTIFIER = com.reidGustavson.Sudoku3D;
				PRODUCT_NAME = "$(TARGET_NAME)";
				PROVISIONING_PROFILE_SPECIFIER = "";
				SWIFT_VERSION = 4.2;
				TARGETED_DEVICE_FAMILY = "1,2";
			};
			name = Release;
		};
		300B7879218D176B0037205C /* Debug */ = {
			isa = XCBuildConfiguration;
			buildSettings = {
				ALWAYS_EMBED_SWIFT_STANDARD_LIBRARIES = YES;
				BUNDLE_LOADER = "$(TEST_HOST)";
				CODE_SIGN_STYLE = Automatic;
				DEVELOPMENT_TEAM = L8PGQCYKKG;
				INFOPLIST_FILE = Sudoku3DTests/Info.plist;
				LD_RUNPATH_SEARCH_PATHS = (
					"$(inherited)",
					"@executable_path/Frameworks",
					"@loader_path/Frameworks",
				);
				PRODUCT_BUNDLE_IDENTIFIER = com.reidGustavson.Sudoku3DTests;
				PRODUCT_NAME = "$(TARGET_NAME)";
				SWIFT_VERSION = 4.2;
				TARGETED_DEVICE_FAMILY = "1,2";
				TEST_HOST = "$(BUILT_PRODUCTS_DIR)/Sudoku3D.app/Sudoku3D";
			};
			name = Debug;
		};
		300B787A218D176B0037205C /* Release */ = {
			isa = XCBuildConfiguration;
			buildSettings = {
				ALWAYS_EMBED_SWIFT_STANDARD_LIBRARIES = YES;
				BUNDLE_LOADER = "$(TEST_HOST)";
				CODE_SIGN_STYLE = Automatic;
				DEVELOPMENT_TEAM = L8PGQCYKKG;
				INFOPLIST_FILE = Sudoku3DTests/Info.plist;
				LD_RUNPATH_SEARCH_PATHS = (
					"$(inherited)",
					"@executable_path/Frameworks",
					"@loader_path/Frameworks",
				);
				PRODUCT_BUNDLE_IDENTIFIER = com.reidGustavson.Sudoku3DTests;
				PRODUCT_NAME = "$(TARGET_NAME)";
				SWIFT_VERSION = 4.2;
				TARGETED_DEVICE_FAMILY = "1,2";
				TEST_HOST = "$(BUILT_PRODUCTS_DIR)/Sudoku3D.app/Sudoku3D";
			};
			name = Release;
		};
		300B787C218D176B0037205C /* Debug */ = {
			isa = XCBuildConfiguration;
			buildSettings = {
				ALWAYS_EMBED_SWIFT_STANDARD_LIBRARIES = YES;
				CODE_SIGN_STYLE = Automatic;
				DEVELOPMENT_TEAM = L8PGQCYKKG;
				INFOPLIST_FILE = Sudoku3DUITests/Info.plist;
				LD_RUNPATH_SEARCH_PATHS = (
					"$(inherited)",
					"@executable_path/Frameworks",
					"@loader_path/Frameworks",
				);
				PRODUCT_BUNDLE_IDENTIFIER = com.reidGustavson.Sudoku3DUITests;
				PRODUCT_NAME = "$(TARGET_NAME)";
				SWIFT_VERSION = 4.2;
				TARGETED_DEVICE_FAMILY = "1,2";
				TEST_TARGET_NAME = Sudoku3D;
			};
			name = Debug;
		};
		300B787D218D176B0037205C /* Release */ = {
			isa = XCBuildConfiguration;
			buildSettings = {
				ALWAYS_EMBED_SWIFT_STANDARD_LIBRARIES = YES;
				CODE_SIGN_STYLE = Automatic;
				DEVELOPMENT_TEAM = L8PGQCYKKG;
				INFOPLIST_FILE = Sudoku3DUITests/Info.plist;
				LD_RUNPATH_SEARCH_PATHS = (
					"$(inherited)",
					"@executable_path/Frameworks",
					"@loader_path/Frameworks",
				);
				PRODUCT_BUNDLE_IDENTIFIER = com.reidGustavson.Sudoku3DUITests;
				PRODUCT_NAME = "$(TARGET_NAME)";
				SWIFT_VERSION = 4.2;
				TARGETED_DEVICE_FAMILY = "1,2";
				TEST_TARGET_NAME = Sudoku3D;
			};
			name = Release;
		};
/* End XCBuildConfiguration section */

/* Begin XCConfigurationList section */
		300B7846218D176A0037205C /* Build configuration list for PBXProject "Sudoku3D" */ = {
			isa = XCConfigurationList;
			buildConfigurations = (
				300B7873218D176B0037205C /* Debug */,
				300B7874218D176B0037205C /* Release */,
			);
			defaultConfigurationIsVisible = 0;
			defaultConfigurationName = Release;
		};
		300B7875218D176B0037205C /* Build configuration list for PBXNativeTarget "Sudoku3D" */ = {
			isa = XCConfigurationList;
			buildConfigurations = (
				300B7876218D176B0037205C /* Debug */,
				300B7877218D176B0037205C /* Release */,
			);
			defaultConfigurationIsVisible = 0;
			defaultConfigurationName = Release;
		};
		300B7878218D176B0037205C /* Build configuration list for PBXNativeTarget "Sudoku3DTests" */ = {
			isa = XCConfigurationList;
			buildConfigurations = (
				300B7879218D176B0037205C /* Debug */,
				300B787A218D176B0037205C /* Release */,
			);
			defaultConfigurationIsVisible = 0;
			defaultConfigurationName = Release;
		};
		300B787B218D176B0037205C /* Build configuration list for PBXNativeTarget "Sudoku3DUITests" */ = {
			isa = XCConfigurationList;
			buildConfigurations = (
				300B787C218D176B0037205C /* Debug */,
				300B787D218D176B0037205C /* Release */,
			);
			defaultConfigurationIsVisible = 0;
			defaultConfigurationName = Release;
		};
/* End XCConfigurationList section */

/* Begin XCVersionGroup section */
		306F0F4D21950B29000916FF /* LevelProgress.xcdatamodeld */ = {
			isa = XCVersionGroup;
			children = (
				306F0F4E21950B29000916FF /* LevelProgress.xcdatamodel */,
			);
			currentVersion = 306F0F4E21950B29000916FF /* LevelProgress.xcdatamodel */;
			path = LevelProgress.xcdatamodeld;
			sourceTree = "<group>";
			versionGroupType = wrapper.xcdatamodel;
		};
/* End XCVersionGroup section */
	};
	rootObject = 300B7843218D176A0037205C /* Project object */;
}
